# Generated by move; do not edit
# This file should be checked in.

[move]
version = 4

[pinned.mainnet.MoveStdlib]
source = { git = "https://github.com/MystenLabs/sui.git", subdir = "crates/sui-framework/packages/move-stdlib", rev = "2f5992f189cd24445cd010ccf0aa7ff418ff93b1" }
use_environment = "mainnet"
manifest_digest = "C4FE4C91DE74CBF223B2E380AE40F592177D21870DC2D7EB6227D2D694E05363"
deps = {}

[pinned.mainnet.Sui]
source = { git = "https://github.com/MystenLabs/sui.git", subdir = "crates/sui-framework/packages/sui-framework", rev = "2f5992f189cd24445cd010ccf0aa7ff418ff93b1" }
use_environment = "mainnet"
manifest_digest = "CD547CB1ACCE0880C835DAED2D8FFCB91D56C833AE5240D3AA5B918398263195"
deps = { MoveStdlib = "MoveStdlib" }

[pinned.mainnet.argus_sui]
source = { root = true }
use_environment = "mainnet"
manifest_digest = "BA49968BFF7C4A4D9F013B59535CF8B89D935A7C6D63C121606B1FE844829B72"
deps = { Sui = "Sui" }

[pinned.testnet.MoveStdlib]
source = { git = "https://github.com/MystenLabs/sui.git", subdir = "crates/sui-framework/packages/move-stdlib", rev = "041c5f2bae2fe52079e44b70514333532d69f4e6" }
use_environment = "testnet"
manifest_digest = "C4FE4C91DE74CBF223B2E380AE40F592177D21870DC2D7EB6227D2D694E05363"
deps = {}

[pinned.testnet.MoveStdlib_1]
source = { git = "https://github.com/MystenLabs/sui.git", subdir = "crates/sui-framework/packages/move-stdlib", rev = "2f5992f189cd24445cd010ccf0aa7ff418ff93b1" }
use_environment = "testnet"
manifest_digest = "C4FE4C91DE74CBF223B2E380AE40F592177D21870DC2D7EB6227D2D694E05363"
deps = {}

[pinned.testnet.Pyth]
source = { git = "https://github.com/pyth-network/pyth-crosschain.git", subdir = "target_chains/sui/contracts", rev = "62c7a5bc0fc857ba6417ad780190552d4919ceca" }
use_environment = "testnet"
manifest_digest = "EE442EEB0E1F71B244DBB1E016B1D0D8F67061BDAFA606B6C86F093D15CA0755"
deps = { Sui = "Sui", Wormhole = "Wormhole" }

[pinned.testnet.Sui]
source = { git = "https://github.com/MystenLabs/sui.git", subdir = "crates/sui-framework/packages/sui-framework", rev = "041c5f2bae2fe52079e44b70514333532d69f4e6" }
use_environment = "testnet"
manifest_digest = "7AFB66695545775FBFBB2D3078ADFD084244D5002392E837FDE21D9EA1C6D01C"
deps = { MoveStdlib = "MoveStdlib" }

[pinned.testnet.Sui_1]
source = { git = "https://github.com/MystenLabs/sui.git", subdir = "crates/sui-framework/packages/sui-framework", rev = "2f5992f189cd24445cd010ccf0aa7ff418ff93b1" }
use_environment = "testnet"
manifest_digest = "7AFB66695545775FBFBB2D3078ADFD084244D5002392E837FDE21D9EA1C6D01C"
deps = { MoveStdlib = "MoveStdlib_1" }

[pinned.testnet.Wormhole]
source = { git = "https://github.com/wormhole-foundation/wormhole.git", subdir = "sui/wormhole", rev = "1b1cb69e809e0e7081cf1bf9b2779c41c14fc7f0" }
use_environment = "testnet"
manifest_digest = "6996F1AB8CD448FFBA142C085C488FE8A46B485E61E38A1891EFA52B30D9C12E"
deps = { Sui = "Sui" }

[pinned.testnet.argus_sui]
source = { root = true }
use_environment = "testnet"
manifest_digest = "E130F28624702DB3F558CFB08BE334D43EDEF4A1BA8CAA92E77FF1E381623B75"
deps = { Pyth = "Pyth", Sui = "Sui_1", Wormhole = "Wormhole" }
